
Microsoft Visual Studio Solution File, Format Version 12.00
# Visual Studio Version 17
VisualStudioVersion = 17.3.32922.545
MinimumVisualStudioVersion = 10.0.40219.1
Project("{8BC9CEB8-8B4A-11D0-8D11-00A0C91BC942}") = "04", "04.vcxproj", "{35E668C0-CFBB-4CD8-8130-1BDFF713DD86}"
EndProject
Global
	GlobalSection(SolutionConfigurationPlatforms) = preSolution
		Debug|x64 = Debug|x64
		Debug|x86 = Debug|x86
		Release|x64 = Release|x64
		Release|x86 = Release|x86
	EndGlobalSection
	GlobalSection(ProjectConfigurationPlatforms) = postSolution
		{35E668C0-CFBB-4CD8-8130-1BDFF713DD86}.Debug|x64.ActiveCfg = Debug|x64
		{35E668C0-CFBB-4CD8-8130-1BDFF713DD86}.Debug|x64.Build.0 = Debug|x64
		{35E668C0-CFBB-4CD8-8130-1BDFF713DD86}.Debug|x86.ActiveCfg = Debug|Win32
		{35E668C0-CFBB-4CD8-8130-1BDFF713DD86}.Debug|x86.Build.0 = Debug|Win32
		{35E668C0-CFBB-4CD8-8130-1BDFF713DD86}.Release|x64.ActiveCfg = Release|x64
		{35E668C0-CFBB-4CD8-8130-1BDFF713DD86}.Release|x64.Build.0 = Release|x64
		{35E668C0-CFBB-4CD8-8130-1BDFF713DD86}.Release|x86.ActiveCfg = Release|Win32
		{35E668C0-CFBB-4CD8-8130-1BDFF713DD86}.Release|x86.Build.0 = Release|Win32
	EndGlobalSection
	GlobalSection(SolutionProperties) = preSolution
		HideSolutionNode = FALSE
	EndGlobalSection
	GlobalSection(ExtensibilityGlobals) = postSolution
		SolutionGuid = {F0443BB5-DEC3-46B5-B34A-CA16B76D75CF}
	EndGlobalSection
EndGlobal
